<?xml version="1.0" encoding="utf-8"?>
<Project ToolsVersion="4.0" xmlns="http://schemas.microsoft.com/developer/msbuild/2003">
  <ItemGroup>
    <Filter Include="Source Files">
      <UniqueIdentifier>{4FC737F1-C7A5-4376-A066-2A32D752A2FF}</UniqueIdentifier>
      <Extensions>cpp;c;cc;cxx;def;odl;idl;hpj;bat;asm;asmx</Extensions>
    </Filter>
    <Filter Include="Header Files">
      <UniqueIdentifier>{93995380-89BD-4b04-88EB-625FBE52EBFB}</UniqueIdentifier>
      <Extensions>h;hh;hpp;hxx;hm;inl;inc;xsd</Extensions>
    </Filter>
    <Filter Include="Resource Files">
      <UniqueIdentifier>{67DA6AB6-F800-4c08-8B7A-83BB121AAD01}</UniqueIdentifier>
      <Extensions>rc;ico;cur;bmp;dlg;rc2;rct;bin;rgs;gif;jpg;jpeg;jpe;resx;tiff;tif;png;wav</Extensions>
    </Filter>
  </ItemGroup>
  <ItemGroup>
    <ClCompile Include="andy.cpp">
      <Filter>Source Files</Filter>
    </ClCompile>
    <ClCompile Include="benchmark.cpp">
      <Filter>Source Files</Filter>
    </ClCompile>
    <ClCompile Include="fileio.cpp">
      <Filter>Source Files</Filter>
    </ClCompile>
    <ClCompile Include="fs_posix.cpp">
      <Filter>Source Files</Filter>
    </ClCompile>
    <ClCompile Include="game.cpp">
      <Filter>Source Files</Filter>
    </ClCompile>
    <ClCompile Include="level1_rock.cpp">
      <Filter>Source Files</Filter>
    </ClCompile>
    <ClCompile Include="level2_fort.cpp">
      <Filter>Source Files</Filter>
    </ClCompile>
    <ClCompile Include="level3_pwr1.cpp">
      <Filter>Source Files</Filter>
    </ClCompile>
    <ClCompile Include="level4_isld.cpp">
      <Filter>Source Files</Filter>
    </ClCompile>
    <ClCompile Include="level5_lava.cpp">
      <Filter>Source Files</Filter>
    </ClCompile>
    <ClCompile Include="level6_pwr2.cpp">
      <Filter>Source Files</Filter>
    </ClCompile>
    <ClCompile Include="level7_lar1.cpp">
      <Filter>Source Files</Filter>
    </ClCompile>
    <ClCompile Include="level8_lar2.cpp">
      <Filter>Source Files</Filter>
    </ClCompile>
    <ClCompile Include="level9_dark.cpp">
      <Filter>Source Files</Filter>
    </ClCompile>
    <ClCompile Include="lzw.cpp">
      <Filter>Source Files</Filter>
    </ClCompile>
    <ClCompile Include="main.cpp">
      <Filter>Source Files</Filter>
    </ClCompile>
    <ClCompile Include="mdec.cpp">
      <Filter>Source Files</Filter>
    </ClCompile>
    <ClCompile Include="menu.cpp">
      <Filter>Source Files</Filter>
    </ClCompile>
    <ClCompile Include="mixer.cpp">
      <Filter>Source Files</Filter>
    </ClCompile>
    <ClCompile Include="monsters.cpp">
      <Filter>Source Files</Filter>
    </ClCompile>
    <ClCompile Include="paf.cpp">
      <Filter>Source Files</Filter>
    </ClCompile>
    <ClCompile Include="random.cpp">
      <Filter>Source Files</Filter>
    </ClCompile>
    <ClCompile Include="resource.cpp">
      <Filter>Source Files</Filter>
    </ClCompile>
    <ClCompile Include="scaler_nearest.cpp">
      <Filter>Source Files</Filter>
    </ClCompile>
    <ClCompile Include="scaler_xbr.cpp">
      <Filter>Source Files</Filter>
    </ClCompile>
    <ClCompile Include="screenshot.cpp">
      <Filter>Source Files</Filter>
    </ClCompile>
    <ClCompile Include="sound.cpp">
      <Filter>Source Files</Filter>
    </ClCompile>
    <ClCompile Include="staticres.cpp">
      <Filter>Source Files</Filter>
    </ClCompile>
    <ClCompile Include="system_sdl2.cpp">
      <Filter>Source Files</Filter>
    </ClCompile>
    <ClCompile Include="util.cpp">
      <Filter>Source Files</Filter>
    </ClCompile>
    <ClCompile Include="video.cpp">
      <Filter>Source Files</Filter>
    </ClCompile>
    <ClCompile Include="3p\libxbr-standalone\hq2x.c">
      <Filter>Source Files</Filter>
    </ClCompile>
    <ClCompile Include="3p\libxbr-standalone\hq3x.c">
      <Filter>Source Files</Filter>
    </ClCompile>
    <ClCompile Include="3p\libxbr-standalone\hq4x.c">
      <Filter>Source Files</Filter>
    </ClCompile>
    <ClCompile Include="3p\libxbr-standalone\xbr.c">
      <Filter>Source Files</Filter>
    </ClCompile>
    <ClCompile Include="3p\inih\ini.c">
      <Filter>Source Files</Filter>
    </ClCompile>
    <ClCompile Include="gamepad.cpp">
      <Filter>Source Files</Filter>
    </ClCompile>
  </ItemGroup>
  <ItemGroup>
    <ClInclude Include="defs.h">
      <Filter>Header Files</Filter>
    </ClInclude>
    <ClInclude Include="dirent.h">
      <Filter>Header Files</Filter>
    </ClInclude>
    <ClInclude Include="fileio.h">
      <Filter>Header Files</Filter>
    </ClInclude>
    <ClInclude Include="fs.h">
      <Filter>Header Files</Filter>
    </ClInclude>
    <ClInclude Include="game.h">
      <Filter>Header Files</Filter>
    </ClInclude>
    <ClInclude Include="getopt.h">
      <Filter>Header Files</Filter>
    </ClInclude>
    <ClInclude Include="intern.h">
      <Filter>Header Files</Filter>
    </ClInclude>
    <ClInclude Include="level.h">
      <Filter>Header Files</Filter>
    </ClInclude>
    <ClInclude Include="lzw.h">
      <Filter>Header Files</Filter>
    </ClInclude>
    <ClInclude Include="mdec.h">
      <Filter>Header Files</Filter>
    </ClInclude>
    <ClInclude Include="mdec_coeffs.h">
      <Filter>Header Files</Filter>
    </ClInclude>
    <ClInclude Include="menu.h">
      <Filter>Header Files</Filter>
    </ClInclude>
    <ClInclude Include="mixer.h">
      <Filter>Header Files</Filter>
    </ClInclude>
    <ClInclude Include="paf.h">
      <Filter>Header Files</Filter>
    </ClInclude>
    <ClInclude Include="random.h">
      <Filter>Header Files</Filter>
    </ClInclude>
    <ClInclude Include="resource.h">
      <Filter>Header Files</Filter>
    </ClInclude>
    <ClInclude Include="scaler.h">
      <Filter>Header Files</Filter>
    </ClInclude>
    <ClInclude Include="screenshot.h">
      <Filter>Header Files</Filter>
    </ClInclude>
    <ClInclude Include="system.h">
      <Filter>Header Files</Filter>
    </ClInclude>
    <ClInclude Include="util.h">
      <Filter>Header Files</Filter>
    </ClInclude>
    <ClInclude Include="video.h">
      <Filter>Header Files</Filter>
    </ClInclude>
    <ClInclude Include="3p\libxbr-standalone\filters.h">
      <Filter>Header Files</Filter>
    </ClInclude>
    <ClInclude Include="3p\libxbr-standalone\internal_hqx_common.h">
      <Filter>Header Files</Filter>
    </ClInclude>
    <ClInclude Include="sdl2-2.0.12\include\begin_code.h">
      <Filter>Header Files</Filter>
    </ClInclude>
    <ClInclude Include="sdl2-2.0.12\include\close_code.h">
      <Filter>Header Files</Filter>
    </ClInclude>
    <ClInclude Include="sdl2-2.0.12\include\SDL.h">
      <Filter>Header Files</Filter>
    </ClInclude>
    <ClInclude Include="sdl2-2.0.12\include\SDL_assert.h">
      <Filter>Header Files</Filter>
    </ClInclude>
    <ClInclude Include="sdl2-2.0.12\include\SDL_atomic.h">
      <Filter>Header Files</Filter>
    </ClInclude>
    <ClInclude Include="sdl2-2.0.12\include\SDL_audio.h">
      <Filter>Header Files</Filter>
    </ClInclude>
    <ClInclude Include="sdl2-2.0.12\include\SDL_bits.h">
      <Filter>Header Files</Filter>
    </ClInclude>
    <ClInclude Include="sdl2-2.0.12\include\SDL_blendmode.h">
      <Filter>Header Files</Filter>
    </ClInclude>
    <ClInclude Include="sdl2-2.0.12\include\SDL_clipboard.h">
      <Filter>Header Files</Filter>
    </ClInclude>
    <ClInclude Include="sdl2-2.0.12\include\SDL_config.h">
      <Filter>Header Files</Filter>
    </ClInclude>
    <ClInclude Include="sdl2-2.0.12\include\SDL_config_android.h">
      <Filter>Header Files</Filter>
    </ClInclude>
    <ClInclude Include="sdl2-2.0.12\include\SDL_config_iphoneos.h">
      <Filter>Header Files</Filter>
    </ClInclude>
    <ClInclude Include="sdl2-2.0.12\include\SDL_config_macosx.h">
      <Filter>Header Files</Filter>
    </ClInclude>
    <ClInclude Include="sdl2-2.0.12\include\SDL_config_minimal.h">
      <Filter>Header Files</Filter>
    </ClInclude>
    <ClInclude Include="sdl2-2.0.12\include\SDL_config_pandora.h">
      <Filter>Header Files</Filter>
    </ClInclude>
    <ClInclude Include="sdl2-2.0.12\include\SDL_config_psp.h">
      <Filter>Header Files</Filter>
    </ClInclude>
    <ClInclude Include="sdl2-2.0.12\include\SDL_config_windows.h">
      <Filter>Header Files</Filter>
    </ClInclude>
    <ClInclude Include="sdl2-2.0.12\include\SDL_config_winrt.h">
      <Filter>Header Files</Filter>
    </ClInclude>
    <ClInclude Include="sdl2-2.0.12\include\SDL_config_wiz.h">
      <Filter>Header Files</Filter>
    </ClInclude>
    <ClInclude Include="sdl2-2.0.12\include\SDL_copying.h">
      <Filter>Header Files</Filter>
    </ClInclude>
    <ClInclude Include="sdl2-2.0.12\include\SDL_cpuinfo.h">
      <Filter>Header Files</Filter>
    </ClInclude>
    <ClInclude Include="sdl2-2.0.12\include\SDL_egl.h">
      <Filter>Header Files</Filter>
    </ClInclude>
    <ClInclude Include="sdl2-2.0.12\include\SDL_endian.h">
      <Filter>Header Files</Filter>
    </ClInclude>
    <ClInclude Include="sdl2-2.0.12\include\SDL_error.h">
      <Filter>Header Files</Filter>
    </ClInclude>
    <ClInclude Include="sdl2-2.0.12\include\SDL_events.h">
      <Filter>Header Files</Filter>
    </ClInclude>
    <ClInclude Include="sdl2-2.0.12\include\SDL_filesystem.h">
      <Filter>Header Files</Filter>
    </ClInclude>
    <ClInclude Include="sdl2-2.0.12\include\SDL_gamecontroller.h">
      <Filter>Header Files</Filter>
    </ClInclude>
    <ClInclude Include="sdl2-2.0.12\include\SDL_gesture.h">
      <Filter>Header Files</Filter>
    </ClInclude>
    <ClInclude Include="sdl2-2.0.12\include\SDL_haptic.h">
      <Filter>Header Files</Filter>
    </ClInclude>
    <ClInclude Include="sdl2-2.0.12\include\SDL_hints.h">
      <Filter>Header Files</Filter>
    </ClInclude>
    <ClInclude Include="sdl2-2.0.12\include\SDL_joystick.h">
      <Filter>Header Files</Filter>
    </ClInclude>
    <ClInclude Include="sdl2-2.0.12\include\SDL_keyboard.h">
      <Filter>Header Files</Filter>
    </ClInclude>
    <ClInclude Include="sdl2-2.0.12\include\SDL_keycode.h">
      <Filter>Header Files</Filter>
    </ClInclude>
    <ClInclude Include="sdl2-2.0.12\include\SDL_loadso.h">
      <Filter>Header Files</Filter>
    </ClInclude>
    <ClInclude Include="sdl2-2.0.12\include\SDL_log.h">
      <Filter>Header Files</Filter>
    </ClInclude>
    <ClInclude Include="sdl2-2.0.12\include\SDL_main.h">
      <Filter>Header Files</Filter>
    </ClInclude>
    <ClInclude Include="sdl2-2.0.12\include\SDL_messagebox.h">
      <Filter>Header Files</Filter>
    </ClInclude>
    <ClInclude Include="sdl2-2.0.12\include\SDL_metal.h">
      <Filter>Header Files</Filter>
    </ClInclude>
    <ClInclude Include="sdl2-2.0.12\include\SDL_mouse.h">
      <Filter>Header Files</Filter>
    </ClInclude>
    <ClInclude Include="sdl2-2.0.12\include\SDL_mutex.h">
      <Filter>Header Files</Filter>
    </ClInclude>
    <ClInclude Include="sdl2-2.0.12\include\SDL_name.h">
      <Filter>Header Files</Filter>
    </ClInclude>
    <ClInclude Include="sdl2-2.0.12\include\SDL_opengl.h">
      <Filter>Header Files</Filter>
    </ClInclude>
    <ClInclude Include="sdl2-2.0.12\include\SDL_opengles.h">
      <Filter>Header Files</Filter>
    </ClInclude>
    <ClInclude Include="sdl2-2.0.12\include\SDL_opengles2.h">
      <Filter>Header Files</Filter>
    </ClInclude>
    <ClInclude Include="sdl2-2.0.12\include\SDL_opengles2_gl2.h">
      <Filter>Header Files</Filter>
    </ClInclude>
    <ClInclude Include="sdl2-2.0.12\include\SDL_opengles2_gl2ext.h">
      <Filter>Header Files</Filter>
    </ClInclude>
    <ClInclude Include="sdl2-2.0.12\include\SDL_opengles2_gl2platform.h">
      <Filter>Header Files</Filter>
    </ClInclude>
    <ClInclude Include="sdl2-2.0.12\include\SDL_opengles2_khrplatform.h">
      <Filter>Header Files</Filter>
    </ClInclude>
    <ClInclude Include="sdl2-2.0.12\include\SDL_opengl_glext.h">
      <Filter>Header Files</Filter>
    </ClInclude>
    <ClInclude Include="sdl2-2.0.12\include\SDL_pixels.h">
      <Filter>Header Files</Filter>
    </ClInclude>
    <ClInclude Include="sdl2-2.0.12\include\SDL_platform.h">
      <Filter>Header Files</Filter>
    </ClInclude>
    <ClInclude Include="sdl2-2.0.12\include\SDL_power.h">
      <Filter>Header Files</Filter>
    </ClInclude>
    <ClInclude Include="sdl2-2.0.12\include\SDL_quit.h">
      <Filter>Header Files</Filter>
    </ClInclude>
    <ClInclude Include="sdl2-2.0.12\include\SDL_rect.h">
      <Filter>Header Files</Filter>
    </ClInclude>
    <ClInclude Include="sdl2-2.0.12\include\SDL_render.h">
      <Filter>Header Files</Filter>
    </ClInclude>
    <ClInclude Include="sdl2-2.0.12\include\SDL_revision.h">
      <Filter>Header Files</Filter>
    </ClInclude>
    <ClInclude Include="sdl2-2.0.12\include\SDL_rwops.h">
      <Filter>Header Files</Filter>
    </ClInclude>
    <ClInclude Include="sdl2-2.0.12\include\SDL_scancode.h">
      <Filter>Header Files</Filter>
    </ClInclude>
    <ClInclude Include="sdl2-2.0.12\include\SDL_sensor.h">
      <Filter>Header Files</Filter>
    </ClInclude>
    <ClInclude Include="sdl2-2.0.12\include\SDL_shape.h">
      <Filter>Header Files</Filter>
    </ClInclude>
    <ClInclude Include="sdl2-2.0.12\include\SDL_stdinc.h">
      <Filter>Header Files</Filter>
    </ClInclude>
    <ClInclude Include="sdl2-2.0.12\include\SDL_surface.h">
      <Filter>Header Files</Filter>
    </ClInclude>
    <ClInclude Include="sdl2-2.0.12\include\SDL_system.h">
      <Filter>Header Files</Filter>
    </ClInclude>
    <ClInclude Include="sdl2-2.0.12\include\SDL_syswm.h">
      <Filter>Header Files</Filter>
    </ClInclude>
    <ClInclude Include="sdl2-2.0.12\include\SDL_test.h">
      <Filter>Header Files</Filter>
    </ClInclude>
    <ClInclude Include="sdl2-2.0.12\include\SDL_test_assert.h">
      <Filter>Header Files</Filter>
    </ClInclude>
    <ClInclude Include="sdl2-2.0.12\include\SDL_test_common.h">
      <Filter>Header Files</Filter>
    </ClInclude>
    <ClInclude Include="sdl2-2.0.12\include\SDL_test_compare.h">
      <Filter>Header Files</Filter>
    </ClInclude>
    <ClInclude Include="sdl2-2.0.12\include\SDL_test_crc32.h">
      <Filter>Header Files</Filter>
    </ClInclude>
    <ClInclude Include="sdl2-2.0.12\include\SDL_test_font.h">
      <Filter>Header Files</Filter>
    </ClInclude>
    <ClInclude Include="sdl2-2.0.12\include\SDL_test_fuzzer.h">
      <Filter>Header Files</Filter>
    </ClInclude>
    <ClInclude Include="sdl2-2.0.12\include\SDL_test_harness.h">
      <Filter>Header Files</Filter>
    </ClInclude>
    <ClInclude Include="sdl2-2.0.12\include\SDL_test_images.h">
      <Filter>Header Files</Filter>
    </ClInclude>
    <ClInclude Include="sdl2-2.0.12\include\SDL_test_log.h">
      <Filter>Header Files</Filter>
    </ClInclude>
    <ClInclude Include="sdl2-2.0.12\include\SDL_test_md5.h">
      <Filter>Header Files</Filter>
    </ClInclude>
    <ClInclude Include="sdl2-2.0.12\include\SDL_test_memory.h">
      <Filter>Header Files</Filter>
    </ClInclude>
    <ClInclude Include="sdl2-2.0.12\include\SDL_test_random.h">
      <Filter>Header Files</Filter>
    </ClInclude>
    <ClInclude Include="sdl2-2.0.12\include\SDL_thread.h">
      <Filter>Header Files</Filter>
    </ClInclude>
    <ClInclude Include="sdl2-2.0.12\include\SDL_timer.h">
      <Filter>Header Files</Filter>
    </ClInclude>
    <ClInclude Include="sdl2-2.0.12\include\SDL_touch.h">
      <Filter>Header Files</Filter>
    </ClInclude>
    <ClInclude Include="sdl2-2.0.12\include\SDL_types.h">
      <Filter>Header Files</Filter>
    </ClInclude>
    <ClInclude Include="sdl2-2.0.12\include\SDL_version.h">
      <Filter>Header Files</Filter>
    </ClInclude>
    <ClInclude Include="sdl2-2.0.12\include\SDL_video.h">
      <Filter>Header Files</Filter>
    </ClInclude>
    <ClInclude Include="sdl2-2.0.12\include\SDL_vulkan.h">
      <Filter>Header Files</Filter>
    </ClInclude>
    <ClInclude Include="3p\inih\ini.h">
      <Filter>Header Files</Filter>
    </ClInclude>
    <ClInclude Include="resource1.h">
      <Filter>Header Files</Filter>
    </ClInclude>
    <ClInclude Include="gamepad.h">
      <Filter>Header Files</Filter>
    </ClInclude>
    <ClInclude Include="Cabeçalho.h">
      <Filter>Source Files</Filter>
    </ClInclude>
  </ItemGroup>
  <ItemGroup>
    <Image Include="2209054_darkness_O0E_icon.ico">
      <Filter>Resource Files</Filter>
    </Image>
  </ItemGroup>
  <ItemGroup>
    <ResourceCompile Include="Hode10.rc">
      <Filter>Resource Files</Filter>
    </ResourceCompile>
  </ItemGroup>
</Project>